// !$*UTF8*$!
{
	archiveVersion = 1;
	classes = {
	};
	objectVersion = 46;
	objects = {

/* Begin PBXBuildFile section */
		FD26D9DE14C5608D005B8CF6 /* SiteTableCell.xib in Resources */ = {isa = PBXBuildFile; fileRef = FD26D9DD14C5608D005B8CF6 /* SiteTableCell.xib */; };
		FD5D705114C52CE80091CFBF /* Model.xcdatamodeld in Sources */ = {isa = PBXBuildFile; fileRef = FD5D704F14C52CE80091CFBF /* Model.xcdatamodeld */; };
		FD5D70A414C534F80091CFBF /* CoreData.framework in Frameworks */ = {isa = PBXBuildFile; fileRef = FD5D70A314C534F80091CFBF /* CoreData.framework */; };
		FD76D97A14C63D2E00A64843 /* melbourne1_thumb.jpg in Resources */ = {isa = PBXBuildFile; fileRef = FD76D97714C63D2E00A64843 /* melbourne1_thumb.jpg */; };
		FD76D97B14C63D2E00A64843 /* melbourne2_thumb.jpg in Resources */ = {isa = PBXBuildFile; fileRef = FD76D97814C63D2E00A64843 /* melbourne2_thumb.jpg */; };
		FD76D97C14C63D2E00A64843 /* melbourne3_thumb.jpg in Resources */ = {isa = PBXBuildFile; fileRef = FD76D97914C63D2E00A64843 /* melbourne3_thumb.jpg */; };
		FD76D97F14C63F4B00A64843 /* SiteDetail.m in Sources */ = {isa = PBXBuildFile; fileRef = FD76D97E14C63F4B00A64843 /* SiteDetail.m */; };
		FD76D98214C63F5F00A64843 /* Site.m in Sources */ = {isa = PBXBuildFile; fileRef = FD76D98114C63F5F00A64843 /* Site.m */; };
		FD76D98614C652F200A64843 /* SiteDetailViewController.m in Sources */ = {isa = PBXBuildFile; fileRef = FD76D98414C652EF00A64843 /* SiteDetailViewController.m */; };
		FD76D98714C652F200A64843 /* SiteDetailViewController.xib in Resources */ = {isa = PBXBuildFile; fileRef = FD76D98514C652F000A64843 /* SiteDetailViewController.xib */; };
		FDAE678114C413EF004488DC /* UIKit.framework in Frameworks */ = {isa = PBXBuildFile; fileRef = FDAE678014C413EF004488DC /* UIKit.framework */; };
		FDAE678314C413EF004488DC /* Foundation.framework in Frameworks */ = {isa = PBXBuildFile; fileRef = FDAE678214C413EF004488DC /* Foundation.framework */; };
		FDAE678514C413EF004488DC /* CoreGraphics.framework in Frameworks */ = {isa = PBXBuildFile; fileRef = FDAE678414C413EF004488DC /* CoreGraphics.framework */; };
		FDAE678B14C413EF004488DC /* InfoPlist.strings in Resources */ = {isa = PBXBuildFile; fileRef = FDAE678914C413EF004488DC /* InfoPlist.strings */; };
		FDAE678D14C413EF004488DC /* main.m in Sources */ = {isa = PBXBuildFile; fileRef = FDAE678C14C413EF004488DC /* main.m */; };
		FDAE679114C413EF004488DC /* AppDelegate.m in Sources */ = {isa = PBXBuildFile; fileRef = FDAE679014C413EF004488DC /* AppDelegate.m */; };
		FDAE679414C413EF004488DC /* HomeViewController.m in Sources */ = {isa = PBXBuildFile; fileRef = FDAE679314C413EF004488DC /* HomeViewController.m */; };
		FDAE67A214C413EF004488DC /* HomeViewController.xib in Resources */ = {isa = PBXBuildFile; fileRef = FDAE67A014C413EF004488DC /* HomeViewController.xib */; };
		FDAE67AD14C413EF004488DC /* SenTestingKit.framework in Frameworks */ = {isa = PBXBuildFile; fileRef = FDAE67AC14C413EF004488DC /* SenTestingKit.framework */; };
		FDAE67AE14C413EF004488DC /* UIKit.framework in Frameworks */ = {isa = PBXBuildFile; fileRef = FDAE678014C413EF004488DC /* UIKit.framework */; };
		FDAE67AF14C413EF004488DC /* Foundation.framework in Frameworks */ = {isa = PBXBuildFile; fileRef = FDAE678214C413EF004488DC /* Foundation.framework */; };
		FDAE67B714C413EF004488DC /* InfoPlist.strings in Resources */ = {isa = PBXBuildFile; fileRef = FDAE67B514C413EF004488DC /* InfoPlist.strings */; };
		FDAE67BA14C413EF004488DC /* MelbourneGuideDawgTests.m in Sources */ = {isa = PBXBuildFile; fileRef = FDAE67B914C413EF004488DC /* MelbourneGuideDawgTests.m */; };
		FDAE67C514C414C9004488DC /* home_photo.png in Resources */ = {isa = PBXBuildFile; fileRef = FDAE67C414C414C9004488DC /* home_photo.png */; };
		FDAE67CA14C414D3004488DC /* melbourne1.jpg in Resources */ = {isa = PBXBuildFile; fileRef = FDAE67C614C414D3004488DC /* melbourne1.jpg */; };
		FDAE67CB14C414D3004488DC /* melbourne2.jpg in Resources */ = {isa = PBXBuildFile; fileRef = FDAE67C714C414D3004488DC /* melbourne2.jpg */; };
		FDAE67CC14C414D3004488DC /* melbourne3.jpg in Resources */ = {isa = PBXBuildFile; fileRef = FDAE67C814C414D3004488DC /* melbourne3.jpg */; };
		FDAE67CD14C414D3004488DC /* melbourne4.jpg in Resources */ = {isa = PBXBuildFile; fileRef = FDAE67C914C414D3004488DC /* melbourne4.jpg */; };
		FDAE67CF14C4234C004488DC /* intro_top.png in Resources */ = {isa = PBXBuildFile; fileRef = FDAE67CE14C4234C004488DC /* intro_top.png */; };
		FDBC9C7C14C425EF00C56A8C /* IntroductionView.xib in Resources */ = {isa = PBXBuildFile; fileRef = FDBC9C7B14C425EF00C56A8C /* IntroductionView.xib */; };
		FDBC9C8114C4357C00C56A8C /* MapViewController.m in Sources */ = {isa = PBXBuildFile; fileRef = FDBC9C7F14C4357B00C56A8C /* MapViewController.m */; };
		FDBC9C8214C4357C00C56A8C /* MapViewController.xib in Resources */ = {isa = PBXBuildFile; fileRef = FDBC9C8014C4357B00C56A8C /* MapViewController.xib */; };
		FDBC9C8414C43A8200C56A8C /* MapKit.framework in Frameworks */ = {isa = PBXBuildFile; fileRef = FDBC9C8314C43A8200C56A8C /* MapKit.framework */; };
		FDBC9C8614C43BE400C56A8C /* home_tab.png in Resources */ = {isa = PBXBuildFile; fileRef = FDBC9C8514C43BE400C56A8C /* home_tab.png */; };
		FDBC9C8914C43CBE00C56A8C /* camera_tab.png in Resources */ = {isa = PBXBuildFile; fileRef = FDBC9C8714C43CBD00C56A8C /* camera_tab.png */; };
		FDBC9C8A14C43CBE00C56A8C /* map_tab.png in Resources */ = {isa = PBXBuildFile; fileRef = FDBC9C8814C43CBD00C56A8C /* map_tab.png */; };
		FDBC9C8E14C44A4B00C56A8C /* SitesViewController.m in Sources */ = {isa = PBXBuildFile; fileRef = FDBC9C8C14C44A4B00C56A8C /* SitesViewController.m */; };
		FDBC9C8F14C44A4B00C56A8C /* SitesViewController.xib in Resources */ = {isa = PBXBuildFile; fileRef = FDBC9C8D14C44A4B00C56A8C /* SitesViewController.xib */; };
/* End PBXBuildFile section */

/* Begin PBXContainerItemProxy section */
		FDAE67B014C413EF004488DC /* PBXContainerItemProxy */ = {
			isa = PBXContainerItemProxy;
			containerPortal = FDAE677314C413EE004488DC /* Project object */;
			proxyType = 1;
			remoteGlobalIDString = FDAE677B14C413EE004488DC;
			remoteInfo = MelbourneGuideDawg;
		};
/* End PBXContainerItemProxy section */

/* Begin PBXFileReference section */
		FD26D9DD14C5608D005B8CF6 /* SiteTableCell.xib */ = {isa = PBXFileReference; fileEncoding = 4; lastKnownFileType = file.xib; path = SiteTableCell.xib; sourceTree = "<group>"; };
		FD5D705014C52CE80091CFBF /* Model.xcdatamodel */ = {isa = PBXFileReference; lastKnownFileType = wrapper.xcdatamodel; path = Model.xcdatamodel; sourceTree = "<group>"; };
		FD5D70A314C534F80091CFBF /* CoreData.framework */ = {isa = PBXFileReference; lastKnownFileType = wrapper.framework; name = CoreData.framework; path = System/Library/Frameworks/CoreData.framework; sourceTree = SDKROOT; };
		FD76D97714C63D2E00A64843 /* melbourne1_thumb.jpg */ = {isa = PBXFileReference; lastKnownFileType = image.jpeg; name = melbourne1_thumb.jpg; path = photos/melbourne1_thumb.jpg; sourceTree = "<group>"; };
		FD76D97814C63D2E00A64843 /* melbourne2_thumb.jpg */ = {isa = PBXFileReference; lastKnownFileType = image.jpeg; name = melbourne2_thumb.jpg; path = photos/melbourne2_thumb.jpg; sourceTree = "<group>"; };
		FD76D97914C63D2E00A64843 /* melbourne3_thumb.jpg */ = {isa = PBXFileReference; lastKnownFileType = image.jpeg; name = melbourne3_thumb.jpg; path = photos/melbourne3_thumb.jpg; sourceTree = "<group>"; };
		FD76D97D14C63F4B00A64843 /* SiteDetail.h */ = {isa = PBXFileReference; fileEncoding = 4; lastKnownFileType = sourcecode.c.h; path = SiteDetail.h; sourceTree = "<group>"; };
		FD76D97E14C63F4B00A64843 /* SiteDetail.m */ = {isa = PBXFileReference; fileEncoding = 4; lastKnownFileType = sourcecode.c.objc; path = SiteDetail.m; sourceTree = "<group>"; };
		FD76D98014C63F5F00A64843 /* Site.h */ = {isa = PBXFileReference; fileEncoding = 4; lastKnownFileType = sourcecode.c.h; path = Site.h; sourceTree = "<group>"; };
		FD76D98114C63F5F00A64843 /* Site.m */ = {isa = PBXFileReference; fileEncoding = 4; lastKnownFileType = sourcecode.c.objc; path = Site.m; sourceTree = "<group>"; };
		FD76D98314C652EB00A64843 /* SiteDetailViewController.h */ = {isa = PBXFileReference; fileEncoding = 4; lastKnownFileType = sourcecode.c.h; path = SiteDetailViewController.h; sourceTree = "<group>"; };
		FD76D98414C652EF00A64843 /* SiteDetailViewController.m */ = {isa = PBXFileReference; fileEncoding = 4; lastKnownFileType = sourcecode.c.objc; path = SiteDetailViewController.m; sourceTree = "<group>"; };
		FD76D98514C652F000A64843 /* SiteDetailViewController.xib */ = {isa = PBXFileReference; fileEncoding = 4; lastKnownFileType = file.xib; path = SiteDetailViewController.xib; sourceTree = "<group>"; };
		FDAE677C14C413EF004488DC /* MelbourneGuideDawg.app */ = {isa = PBXFileReference; explicitFileType = wrapper.application; includeInIndex = 0; path = MelbourneGuideDawg.app; sourceTree = BUILT_PRODUCTS_DIR; };
		FDAE678014C413EF004488DC /* UIKit.framework */ = {isa = PBXFileReference; lastKnownFileType = wrapper.framework; name = UIKit.framework; path = System/Library/Frameworks/UIKit.framework; sourceTree = SDKROOT; };
		FDAE678214C413EF004488DC /* Foundation.framework */ = {isa = PBXFileReference; lastKnownFileType = wrapper.framework; name = Foundation.framework; path = System/Library/Frameworks/Foundation.framework; sourceTree = SDKROOT; };
		FDAE678414C413EF004488DC /* CoreGraphics.framework */ = {isa = PBXFileReference; lastKnownFileType = wrapper.framework; name = CoreGraphics.framework; path = System/Library/Frameworks/CoreGraphics.framework; sourceTree = SDKROOT; };
		FDAE678814C413EF004488DC /* MelbourneGuideDawg-Info.plist */ = {isa = PBXFileReference; lastKnownFileType = text.plist.xml; path = "MelbourneGuideDawg-Info.plist"; sourceTree = "<group>"; };
		FDAE678A14C413EF004488DC /* en */ = {isa = PBXFileReference; lastKnownFileType = text.plist.strings; name = en; path = en.lproj/InfoPlist.strings; sourceTree = "<group>"; };
		FDAE678C14C413EF004488DC /* main.m */ = {isa = PBXFileReference; lastKnownFileType = sourcecode.c.objc; path = main.m; sourceTree = "<group>"; };
		FDAE678E14C413EF004488DC /* MelbourneGuideDawg-Prefix.pch */ = {isa = PBXFileReference; lastKnownFileType = sourcecode.c.h; path = "MelbourneGuideDawg-Prefix.pch"; sourceTree = "<group>"; };
		FDAE678F14C413EF004488DC /* AppDelegate.h */ = {isa = PBXFileReference; lastKnownFileType = sourcecode.c.h; path = AppDelegate.h; sourceTree = "<group>"; };
		FDAE679014C413EF004488DC /* AppDelegate.m */ = {isa = PBXFileReference; lastKnownFileType = sourcecode.c.objc; path = AppDelegate.m; sourceTree = "<group>"; };
		FDAE679214C413EF004488DC /* HomeViewController.h */ = {isa = PBXFileReference; lastKnownFileType = sourcecode.c.h; path = HomeViewController.h; sourceTree = "<group>"; };
		FDAE679314C413EF004488DC /* HomeViewController.m */ = {isa = PBXFileReference; lastKnownFileType = sourcecode.c.objc; path = HomeViewController.m; sourceTree = "<group>"; };
		FDAE67A114C413EF004488DC /* en */ = {isa = PBXFileReference; lastKnownFileType = file.xib; name = en; path = en.lproj/HomeViewController.xib; sourceTree = "<group>"; };
		FDAE67AB14C413EF004488DC /* MelbourneGuideDawgTests.octest */ = {isa = PBXFileReference; explicitFileType = wrapper.cfbundle; includeInIndex = 0; path = MelbourneGuideDawgTests.octest; sourceTree = BUILT_PRODUCTS_DIR; };
		FDAE67AC14C413EF004488DC /* SenTestingKit.framework */ = {isa = PBXFileReference; lastKnownFileType = wrapper.framework; name = SenTestingKit.framework; path = Library/Frameworks/SenTestingKit.framework; sourceTree = DEVELOPER_DIR; };
		FDAE67B414C413EF004488DC /* MelbourneGuideDawgTests-Info.plist */ = {isa = PBXFileReference; lastKnownFileType = text.plist.xml; path = "MelbourneGuideDawgTests-Info.plist"; sourceTree = "<group>"; };
		FDAE67B614C413EF004488DC /* en */ = {isa = PBXFileReference; lastKnownFileType = text.plist.strings; name = en; path = en.lproj/InfoPlist.strings; sourceTree = "<group>"; };
		FDAE67B814C413EF004488DC /* MelbourneGuideDawgTests.h */ = {isa = PBXFileReference; lastKnownFileType = sourcecode.c.h; path = MelbourneGuideDawgTests.h; sourceTree = "<group>"; };
		FDAE67B914C413EF004488DC /* MelbourneGuideDawgTests.m */ = {isa = PBXFileReference; lastKnownFileType = sourcecode.c.objc; path = MelbourneGuideDawgTests.m; sourceTree = "<group>"; };
		FDAE67C414C414C9004488DC /* home_photo.png */ = {isa = PBXFileReference; lastKnownFileType = image.png; name = home_photo.png; path = photos/home_photo.png; sourceTree = "<group>"; };
		FDAE67C614C414D3004488DC /* melbourne1.jpg */ = {isa = PBXFileReference; lastKnownFileType = image.jpeg; name = melbourne1.jpg; path = photos/melbourne1.jpg; sourceTree = "<group>"; };
		FDAE67C714C414D3004488DC /* melbourne2.jpg */ = {isa = PBXFileReference; lastKnownFileType = image.jpeg; name = melbourne2.jpg; path = photos/melbourne2.jpg; sourceTree = "<group>"; };
		FDAE67C814C414D3004488DC /* melbourne3.jpg */ = {isa = PBXFileReference; lastKnownFileType = image.jpeg; name = melbourne3.jpg; path = photos/melbourne3.jpg; sourceTree = "<group>"; };
		FDAE67C914C414D3004488DC /* melbourne4.jpg */ = {isa = PBXFileReference; lastKnownFileType = image.jpeg; name = melbourne4.jpg; path = photos/melbourne4.jpg; sourceTree = "<group>"; };
		FDAE67CE14C4234C004488DC /* intro_top.png */ = {isa = PBXFileReference; lastKnownFileType = image.png; name = intro_top.png; path = photos/intro_top.png; sourceTree = "<group>"; };
		FDBC9C7B14C425EF00C56A8C /* IntroductionView.xib */ = {isa = PBXFileReference; fileEncoding = 4; lastKnownFileType = file.xib; path = IntroductionView.xib; sourceTree = "<group>"; };
		FDBC9C7E14C4357B00C56A8C /* MapViewController.h */ = {isa = PBXFileReference; fileEncoding = 4; lastKnownFileType = sourcecode.c.h; path = MapViewController.h; sourceTree = "<group>"; };
		FDBC9C7F14C4357B00C56A8C /* MapViewController.m */ = {isa = PBXFileReference; fileEncoding = 4; lastKnownFileType = sourcecode.c.objc; path = MapViewController.m; sourceTree = "<group>"; };
		FDBC9C8014C4357B00C56A8C /* MapViewController.xib */ = {isa = PBXFileReference; fileEncoding = 4; lastKnownFileType = file.xib; path = MapViewController.xib; sourceTree = "<group>"; };
		FDBC9C8314C43A8200C56A8C /* MapKit.framework */ = {isa = PBXFileReference; lastKnownFileType = wrapper.framework; name = MapKit.framework; path = System/Library/Frameworks/MapKit.framework; sourceTree = SDKROOT; };
		FDBC9C8514C43BE400C56A8C /* home_tab.png */ = {isa = PBXFileReference; lastKnownFileType = image.png; path = home_tab.png; sourceTree = "<group>"; };
		FDBC9C8714C43CBD00C56A8C /* camera_tab.png */ = {isa = PBXFileReference; lastKnownFileType = image.png; path = camera_tab.png; sourceTree = "<group>"; };
		FDBC9C8814C43CBD00C56A8C /* map_tab.png */ = {isa = PBXFileReference; lastKnownFileType = image.png; path = map_tab.png; sourceTree = "<group>"; };
		FDBC9C8B14C44A4A00C56A8C /* SitesViewController.h */ = {isa = PBXFileReference; fileEncoding = 4; lastKnownFileType = sourcecode.c.h; path = SitesViewController.h; sourceTree = "<group>"; };
		FDBC9C8C14C44A4B00C56A8C /* SitesViewController.m */ = {isa = PBXFileReference; fileEncoding = 4; lastKnownFileType = sourcecode.c.objc; path = SitesViewController.m; sourceTree = "<group>"; };
		FDBC9C8D14C44A4B00C56A8C /* SitesViewController.xib */ = {isa = PBXFileReference; fileEncoding = 4; lastKnownFileType = file.xib; path = SitesViewController.xib; sourceTree = "<group>"; };
/* End PBXFileReference section */

/* Begin PBXFrameworksBuildPhase section */
		FDAE677914C413EE004488DC /* Frameworks */ = {
			isa = PBXFrameworksBuildPhase;
			buildActionMask = 2147483647;
			files = (
				FD5D70A414C534F80091CFBF /* CoreData.framework in Frameworks */,
				FDBC9C8414C43A8200C56A8C /* MapKit.framework in Frameworks */,
				FDAE678114C413EF004488DC /* UIKit.framework in Frameworks */,
				FDAE678314C413EF004488DC /* Foundation.framework in Frameworks */,
				FDAE678514C413EF004488DC /* CoreGraphics.framework in Frameworks */,
			);
			runOnlyForDeploymentPostprocessing = 0;
		};
		FDAE67A714C413EF004488DC /* Frameworks */ = {
			isa = PBXFrameworksBuildPhase;
			buildActionMask = 2147483647;
			files = (
				FDAE67AD14C413EF004488DC /* SenTestingKit.framework in Frameworks */,
				FDAE67AE14C413EF004488DC /* UIKit.framework in Frameworks */,
				FDAE67AF14C413EF004488DC /* Foundation.framework in Frameworks */,
			);
			runOnlyForDeploymentPostprocessing = 0;
		};
/* End PBXFrameworksBuildPhase section */

/* Begin PBXGroup section */
		FD26D9DC14C55231005B8CF6 /* Model */ = {
			isa = PBXGroup;
			children = (
				FD5D704F14C52CE80091CFBF /* Model.xcdatamodeld */,
				FD76D98014C63F5F00A64843 /* Site.h */,
				FD76D98114C63F5F00A64843 /* Site.m */,
				FD76D97D14C63F4B00A64843 /* SiteDetail.h */,
				FD76D97E14C63F4B00A64843 /* SiteDetail.m */,
			);
			name = Model;
			sourceTree = "<group>";
		};
		FDAE677114C413EE004488DC = {
			isa = PBXGroup;
			children = (
				FDAE678614C413EF004488DC /* MelbourneGuideDawg */,
				FDAE67B214C413EF004488DC /* MelbourneGuideDawgTests */,
				FDAE677F14C413EF004488DC /* Frameworks */,
				FDAE677D14C413EF004488DC /* Products */,
			);
			sourceTree = "<group>";
		};
		FDAE677D14C413EF004488DC /* Products */ = {
			isa = PBXGroup;
			children = (
				FDAE677C14C413EF004488DC /* MelbourneGuideDawg.app */,
				FDAE67AB14C413EF004488DC /* MelbourneGuideDawgTests.octest */,
			);
			name = Products;
			sourceTree = "<group>";
		};
		FDAE677F14C413EF004488DC /* Frameworks */ = {
			isa = PBXGroup;
			children = (
				FD5D70A314C534F80091CFBF /* CoreData.framework */,
				FDBC9C8314C43A8200C56A8C /* MapKit.framework */,
				FDAE678014C413EF004488DC /* UIKit.framework */,
				FDAE678214C413EF004488DC /* Foundation.framework */,
				FDAE678414C413EF004488DC /* CoreGraphics.framework */,
				FDAE67AC14C413EF004488DC /* SenTestingKit.framework */,
			);
			name = Frameworks;
			sourceTree = "<group>";
		};
		FDAE678614C413EF004488DC /* MelbourneGuideDawg */ = {
			isa = PBXGroup;
			children = (
				FDAE678F14C413EF004488DC /* AppDelegate.h */,
				FDAE679014C413EF004488DC /* AppDelegate.m */,
				FDBC9C8B14C44A4A00C56A8C /* SitesViewController.h */,
				FDBC9C8C14C44A4B00C56A8C /* SitesViewController.m */,
				FDAE679214C413EF004488DC /* HomeViewController.h */,
				FDAE679314C413EF004488DC /* HomeViewController.m */,
				FDBC9C7E14C4357B00C56A8C /* MapViewController.h */,
				FDBC9C7F14C4357B00C56A8C /* MapViewController.m */,
				FD76D98314C652EB00A64843 /* SiteDetailViewController.h */,
				FD76D98414C652EF00A64843 /* SiteDetailViewController.m */,
				FD26D9DD14C5608D005B8CF6 /* SiteTableCell.xib */,
				FDBC9C8D14C44A4B00C56A8C /* SitesViewController.xib */,
				FDAE67A014C413EF004488DC /* HomeViewController.xib */,
				FDBC9C8014C4357B00C56A8C /* MapViewController.xib */,
				FDBC9C7B14C425EF00C56A8C /* IntroductionView.xib */,
				FD76D98514C652F000A64843 /* SiteDetailViewController.xib */,
				FDBC9C8514C43BE400C56A8C /* home_tab.png */,
				FDBC9C8714C43CBD00C56A8C /* camera_tab.png */,
				FDBC9C8814C43CBD00C56A8C /* map_tab.png */,
				FD26D9DC14C55231005B8CF6 /* Model */,
				FDAE67C314C414AC004488DC /* Photos */,
				FDAE678714C413EF004488DC /* Supporting Files */,
			);
			path = MelbourneGuideDawg;
			sourceTree = "<group>";
		};
		FDAE678714C413EF004488DC /* Supporting Files */ = {
			isa = PBXGroup;
			children = (
				FDAE678814C413EF004488DC /* MelbourneGuideDawg-Info.plist */,
				FDAE678914C413EF004488DC /* InfoPlist.strings */,
				FDAE678C14C413EF004488DC /* main.m */,
				FDAE678E14C413EF004488DC /* MelbourneGuideDawg-Prefix.pch */,
			);
			name = "Supporting Files";
			sourceTree = "<group>";
		};
		FDAE67B214C413EF004488DC /* MelbourneGuideDawgTests */ = {
			isa = PBXGroup;
			children = (
				FDAE67B814C413EF004488DC /* MelbourneGuideDawgTests.h */,
				FDAE67B914C413EF004488DC /* MelbourneGuideDawgTests.m */,
				FDAE67B314C413EF004488DC /* Supporting Files */,
			);
			path = MelbourneGuideDawgTests;
			sourceTree = "<group>";
		};
		FDAE67B314C413EF004488DC /* Supporting Files */ = {
			isa = PBXGroup;
			children = (
				FDAE67B414C413EF004488DC /* MelbourneGuideDawgTests-Info.plist */,
				FDAE67B514C413EF004488DC /* InfoPlist.strings */,
			);
			name = "Supporting Files";
			sourceTree = "<group>";
		};
		FDAE67C314C414AC004488DC /* Photos */ = {
			isa = PBXGroup;
			children = (
				FD76D97714C63D2E00A64843 /* melbourne1_thumb.jpg */,
				FD76D97814C63D2E00A64843 /* melbourne2_thumb.jpg */,
				FD76D97914C63D2E00A64843 /* melbourne3_thumb.jpg */,
				FDAE67CE14C4234C004488DC /* intro_top.png */,
				FDAE67C614C414D3004488DC /* melbourne1.jpg */,
				FDAE67C714C414D3004488DC /* melbourne2.jpg */,
				FDAE67C814C414D3004488DC /* melbourne3.jpg */,
				FDAE67C914C414D3004488DC /* melbourne4.jpg */,
				FDAE67C414C414C9004488DC /* home_photo.png */,
			);
			name = Photos;
			sourceTree = "<group>";
		};
/* End PBXGroup section */

/* Begin PBXNativeTarget section */
		FDAE677B14C413EE004488DC /* MelbourneGuideDawg */ = {
			isa = PBXNativeTarget;
			buildConfigurationList = FDAE67BD14C413EF004488DC /* Build configuration list for PBXNativeTarget "MelbourneGuideDawg" */;
			buildPhases = (
				FDAE677814C413EE004488DC /* Sources */,
				FDAE677914C413EE004488DC /* Frameworks */,
				FDAE677A14C413EE004488DC /* Resources */,
			);
			buildRules = (
			);
			dependencies = (
			);
			name = MelbourneGuideDawg;
			productName = MelbourneGuideDawg;
			productReference = FDAE677C14C413EF004488DC /* MelbourneGuideDawg.app */;
			productType = "com.apple.product-type.application";
		};
		FDAE67AA14C413EF004488DC /* MelbourneGuideDawgTests */ = {
			isa = PBXNativeTarget;
			buildConfigurationList = FDAE67C014C413EF004488DC /* Build configuration list for PBXNativeTarget "MelbourneGuideDawgTests" */;
			buildPhases = (
				FDAE67A614C413EF004488DC /* Sources */,
				FDAE67A714C413EF004488DC /* Frameworks */,
				FDAE67A814C413EF004488DC /* Resources */,
				FDAE67A914C413EF004488DC /* ShellScript */,
			);
			buildRules = (
			);
			dependencies = (
				FDAE67B114C413EF004488DC /* PBXTargetDependency */,
			);
			name = MelbourneGuideDawgTests;
			productName = MelbourneGuideDawgTests;
			productReference = FDAE67AB14C413EF004488DC /* MelbourneGuideDawgTests.octest */;
			productType = "com.apple.product-type.bundle";
		};
/* End PBXNativeTarget section */

/* Begin PBXProject section */
		FDAE677314C413EE004488DC /* Project object */ = {
			isa = PBXProject;
			attributes = {
				LastUpgradeCheck = 0420;
			};
			buildConfigurationList = FDAE677614C413EE004488DC /* Build configuration list for PBXProject "MelbourneGuideDawg" */;
			compatibilityVersion = "Xcode 3.2";
			developmentRegion = English;
			hasScannedForEncodings = 0;
			knownRegions = (
				en,
			);
			mainGroup = FDAE677114C413EE004488DC;
			productRefGroup = FDAE677D14C413EF004488DC /* Products */;
			projectDirPath = "";
			projectRoot = "";
			targets = (
				FDAE677B14C413EE004488DC /* MelbourneGuideDawg */,
				FDAE67AA14C413EF004488DC /* MelbourneGuideDawgTests */,
			);
		};
/* End PBXProject section */

/* Begin PBXResourcesBuildPhase section */
		FDAE677A14C413EE004488DC /* Resources */ = {
			isa = PBXResourcesBuildPhase;
			buildActionMask = 2147483647;
			files = (
				FDAE678B14C413EF004488DC /* InfoPlist.strings in Resources */,
				FDAE67A214C413EF004488DC /* HomeViewController.xib in Resources */,
				FDAE67C514C414C9004488DC /* home_photo.png in Resources */,
				FDAE67CA14C414D3004488DC /* melbourne1.jpg in Resources */,
				FDAE67CB14C414D3004488DC /* melbourne2.jpg in Resources */,
				FDAE67CC14C414D3004488DC /* melbourne3.jpg in Resources */,
				FDAE67CD14C414D3004488DC /* melbourne4.jpg in Resources */,
				FDAE67CF14C4234C004488DC /* intro_top.png in Resources */,
				FDBC9C7C14C425EF00C56A8C /* IntroductionView.xib in Resources */,
				FDBC9C8214C4357C00C56A8C /* MapViewController.xib in Resources */,
				FDBC9C8614C43BE400C56A8C /* home_tab.png in Resources */,
				FDBC9C8914C43CBE00C56A8C /* camera_tab.png in Resources */,
				FDBC9C8A14C43CBE00C56A8C /* map_tab.png in Resources */,
				FDBC9C8F14C44A4B00C56A8C /* SitesViewController.xib in Resources */,
				FD26D9DE14C5608D005B8CF6 /* SiteTableCell.xib in Resources */,
				FD76D97A14C63D2E00A64843 /* melbourne1_thumb.jpg in Resources */,
				FD76D97B14C63D2E00A64843 /* melbourne2_thumb.jpg in Resources */,
				FD76D97C14C63D2E00A64843 /* melbourne3_thumb.jpg in Resources */,
				FD76D98714C652F200A64843 /* SiteDetailViewController.xib in Resources */,
			);
			runOnlyForDeploymentPostprocessing = 0;
		};
		FDAE67A814C413EF004488DC /* Resources */ = {
			isa = PBXResourcesBuildPhase;
			buildActionMask = 2147483647;
			files = (
				FDAE67B714C413EF004488DC /* InfoPlist.strings in Resources */,
			);
			runOnlyForDeploymentPostprocessing = 0;
		};
/* End PBXResourcesBuildPhase section */

/* Begin PBXShellScriptBuildPhase section */
		FDAE67A914C413EF004488DC /* ShellScript */ = {
			isa = PBXShellScriptBuildPhase;
			buildActionMask = 2147483647;
			files = (
			);
			inputPaths = (
			);
			outputPaths = (
			);
			runOnlyForDeploymentPostprocessing = 0;
			shellPath = /bin/sh;
			shellScript = "# Run the unit tests in this test bundle.\n\"${SYSTEM_DEVELOPER_DIR}/Tools/RunUnitTests\"\n";
		};
/* End PBXShellScriptBuildPhase section */

/* Begin PBXSourcesBuildPhase section */
		FDAE677814C413EE004488DC /* Sources */ = {
			isa = PBXSourcesBuildPhase;
			buildActionMask = 2147483647;
			files = (
				FDAE678D14C413EF004488DC /* main.m in Sources */,
				FDAE679114C413EF004488DC /* AppDelegate.m in Sources */,
				FDAE679414C413EF004488DC /* HomeViewController.m in Sources */,
				FDBC9C8114C4357C00C56A8C /* MapViewController.m in Sources */,
				FDBC9C8E14C44A4B00C56A8C /* SitesViewController.m in Sources */,
				FD5D705114C52CE80091CFBF /* Model.xcdatamodeld in Sources */,
				FD76D97F14C63F4B00A64843 /* SiteDetail.m in Sources */,
				FD76D98214C63F5F00A64843 /* Site.m in Sources */,
				FD76D98614C652F200A64843 /* SiteDetailViewController.m in Sources */,
			);
			runOnlyForDeploymentPostprocessing = 0;
		};
		FDAE67A614C413EF004488DC /* Sources */ = {
			isa = PBXSourcesBuildPhase;
			buildActionMask = 2147483647;
			files = (
				FDAE67BA14C413EF004488DC /* MelbourneGuideDawgTests.m in Sources */,
			);
			runOnlyForDeploymentPostprocessing = 0;
		};
/* End PBXSourcesBuildPhase section */

/* Begin PBXTargetDependency section */
		FDAE67B114C413EF004488DC /* PBXTargetDependency */ = {
			isa = PBXTargetDependency;
			target = FDAE677B14C413EE004488DC /* MelbourneGuideDawg */;
			targetProxy = FDAE67B014C413EF004488DC /* PBXContainerItemProxy */;
		};
/* End PBXTargetDependency section */

/* Begin PBXVariantGroup section */
		FDAE678914C413EF004488DC /* InfoPlist.strings */ = {
			isa = PBXVariantGroup;
			children = (
				FDAE678A14C413EF004488DC /* en */,
			);
			name = InfoPlist.strings;
			sourceTree = "<group>";
		};
		FDAE67A014C413EF004488DC /* HomeViewController.xib */ = {
			isa = PBXVariantGroup;
			children = (
				FDAE67A114C413EF004488DC /* en */,
			);
			name = HomeViewController.xib;
			sourceTree = "<group>";
		};
		FDAE67B514C413EF004488DC /* InfoPlist.strings */ = {
			isa = PBXVariantGroup;
			children = (
				FDAE67B614C413EF004488DC /* en */,
			);
			name = InfoPlist.strings;
			sourceTree = "<group>";
		};
/* End PBXVariantGroup section */

/* Begin XCBuildConfiguration section */
		FDAE67BB14C413EF004488DC /* Debug */ = {
			isa = XCBuildConfiguration;
			buildSettings = {
				ALWAYS_SEARCH_USER_PATHS = NO;
				ARCHS = "$(ARCHS_STANDARD_32_BIT)";
				"CODE_SIGN_IDENTITY[sdk=iphoneos*]" = "iPhone Developer";
				COPY_PHASE_STRIP = NO;
				GCC_C_LANGUAGE_STANDARD = gnu99;
				GCC_DYNAMIC_NO_PIC = NO;
				GCC_OPTIMIZATION_LEVEL = 0;
				GCC_PREPROCESSOR_DEFINITIONS = (
					"DEBUG=1",
					"$(inherited)",
				);
				GCC_SYMBOLS_PRIVATE_EXTERN = NO;
				GCC_VERSION = com.apple.compilers.llvm.clang.1_0;
				GCC_WARN_ABOUT_MISSING_PROTOTYPES = YES;
				GCC_WARN_ABOUT_RETURN_TYPE = YES;
				GCC_WARN_UNUSED_VARIABLE = YES;
				IPHONEOS_DEPLOYMENT_TARGET = 5.0;
				SDKROOT = iphoneos;
			};
			name = Debug;
		};
		FDAE67BC14C413EF004488DC /* Release */ = {
			isa = XCBuildConfiguration;
			buildSettings = {
				ALWAYS_SEARCH_USER_PATHS = NO;
				ARCHS = "$(ARCHS_STANDARD_32_BIT)";
				"CODE_SIGN_IDENTITY[sdk=iphoneos*]" = "iPhone Developer";
				COPY_PHASE_STRIP = YES;
				GCC_C_LANGUAGE_STANDARD = gnu99;
				GCC_VERSION = com.apple.compilers.llvm.clang.1_0;
				GCC_WARN_ABOUT_MISSING_PROTOTYPES = YES;
				GCC_WARN_ABOUT_RETURN_TYPE = YES;
				GCC_WARN_UNUSED_VARIABLE = YES;
				IPHONEOS_DEPLOYMENT_TARGET = 5.0;
				OTHER_CFLAGS = "-DNS_BLOCK_ASSERTIONS=1";
				SDKROOT = iphoneos;
				VALIDATE_PRODUCT = YES;
			};
			name = Release;
		};
		FDAE67BE14C413EF004488DC /* Debug */ = {
			isa = XCBuildConfiguration;
			buildSettings = {
				GCC_PRECOMPILE_PREFIX_HEADER = YES;
				GCC_PREFIX_HEADER = "MelbourneGuideDawg/MelbourneGuideDawg-Prefix.pch";
				INFOPLIST_FILE = "MelbourneGuideDawg/MelbourneGuideDawg-Info.plist";
				PRODUCT_NAME = "$(TARGET_NAME)";
				WRAPPER_EXTENSION = app;
			};
			name = Debug;
		};
		FDAE67BF14C413EF004488DC /* Release */ = {
			isa = XCBuildConfiguration;
			buildSettings = {
				GCC_PRECOMPILE_PREFIX_HEADER = YES;
				GCC_PREFIX_HEADER = "MelbourneGuideDawg/MelbourneGuideDawg-Prefix.pch";
				INFOPLIST_FILE = "MelbourneGuideDawg/MelbourneGuideDawg-Info.plist";
				PRODUCT_NAME = "$(TARGET_NAME)";
				WRAPPER_EXTENSION = app;
			};
			name = Release;
		};
		FDAE67C114C413EF004488DC /* Debug */ = {
			isa = XCBuildConfiguration;
			buildSettings = {
				BUNDLE_LOADER = "$(BUILT_PRODUCTS_DIR)/MelbourneGuideDawg.app/MelbourneGuideDawg";
				FRAMEWORK_SEARCH_PATHS = (
					"$(SDKROOT)/Developer/Library/Frameworks",
					"$(DEVELOPER_LIBRARY_DIR)/Frameworks",
				);
				GCC_PRECOMPILE_PREFIX_HEADER = YES;
				GCC_PREFIX_HEADER = "MelbourneGuideDawg/MelbourneGuideDawg-Prefix.pch";
				INFOPLIST_FILE = "MelbourneGuideDawgTests/MelbourneGuideDawgTests-Info.plist";
				PRODUCT_NAME = "$(TARGET_NAME)";
				TEST_HOST = "$(BUNDLE_LOADER)";
				WRAPPER_EXTENSION = octest;
			};
			name = Debug;
		};
		FDAE67C214C413EF004488DC /* Release */ = {
			isa = XCBuildConfiguration;
			buildSettings = {
				BUNDLE_LOADER = "$(BUILT_PRODUCTS_DIR)/MelbourneGuideDawg.app/MelbourneGuideDawg";
				FRAMEWORK_SEARCH_PATHS = (
					"$(SDKROOT)/Developer/Library/Frameworks",
					"$(DEVELOPER_LIBRARY_DIR)/Frameworks",
				);
				GCC_PRECOMPILE_PREFIX_HEADER = YES;
				GCC_PREFIX_HEADER = "MelbourneGuideDawg/MelbourneGuideDawg-Prefix.pch";
				INFOPLIST_FILE = "MelbourneGuideDawgTests/MelbourneGuideDawgTests-Info.plist";
				PRODUCT_NAME = "$(TARGET_NAME)";
				TEST_HOST = "$(BUNDLE_LOADER)";
				WRAPPER_EXTENSION = octest;
			};
			name = Release;
		};
/* End XCBuildConfiguration section */

/* Begin XCConfigurationList section */
		FDAE677614C413EE004488DC /* Build configuration list for PBXProject "MelbourneGuideDawg" */ = {
			isa = XCConfigurationList;
			buildConfigurations = (
				FDAE67BB14C413EF004488DC /* Debug */,
				FDAE67BC14C413EF004488DC /* Release */,
			);
			defaultConfigurationIsVisible = 0;
			defaultConfigurationName = Release;
		};
		FDAE67BD14C413EF004488DC /* Build configuration list for PBXNativeTarget "MelbourneGuideDawg" */ = {
			isa = XCConfigurationList;
			buildConfigurations = (
				FDAE67BE14C413EF004488DC /* Debug */,
				FDAE67BF14C413EF004488DC /* Release */,
			);
			defaultConfigurationIsVisible = 0;
			defaultConfigurationName = Release;
		};
		FDAE67C014C413EF004488DC /* Build configuration list for PBXNativeTarget "MelbourneGuideDawgTests" */ = {
			isa = XCConfigurationList;
			buildConfigurations = (
				FDAE67C114C413EF004488DC /* Debug */,
				FDAE67C214C413EF004488DC /* Release */,
			);
			defaultConfigurationIsVisible = 0;
			defaultConfigurationName = Release;
		};
/* End XCConfigurationList section */

/* Begin XCVersionGroup section */
		FD5D704F14C52CE80091CFBF /* Model.xcdatamodeld */ = {
			isa = XCVersionGroup;
			children = (
				FD5D705014C52CE80091CFBF /* Model.xcdatamodel */,
			);
			currentVersion = FD5D705014C52CE80091CFBF /* Model.xcdatamodel */;
			path = Model.xcdatamodeld;
			sourceTree = "<group>";
			versionGroupType = wrapper.xcdatamodel;
		};
/* End XCVersionGroup section */
	};
	rootObject = FDAE677314C413EE004488DC /* Project object */;
}
